
Microsoft Visual Studio Solution File, Format Version 12.00
Project("{FAE04EC0-301F-11D3-BF4B-00C04F79EFBC}") = "Number Sorter", "Number Sorter\Number Sorter.csproj", "{16715F86-D2DA-47A7-B75B-3C9D93EFE5B7}"
EndProject
Global
	GlobalSection(SolutionConfigurationPlatforms) = preSolution
		Debug|Any CPU = Debug|Any CPU
		Release|Any CPU = Release|Any CPU
	EndGlobalSection
	GlobalSection(ProjectConfigurationPlatforms) = postSolution
		{16715F86-D2DA-47A7-B75B-3C9D93EFE5B7}.Debug|Any CPU.ActiveCfg = Debug|Any CPU
		{16715F86-D2DA-47A7-B75B-3C9D93EFE5B7}.Debug|Any CPU.Build.0 = Debug|Any CPU
		{16715F86-D2DA-47A7-B75B-3C9D93EFE5B7}.Release|Any CPU.ActiveCfg = Release|Any CPU
		{16715F86-D2DA-47A7-B75B-3C9D93EFE5B7}.Release|Any CPU.Build.0 = Release|Any CPU
	EndGlobalSection
EndGlobal
